
Microsoft Visual Studio Solution File, Format Version 12.00
# Visual Studio Version 16
VisualStudioVersion = 16.0.31729.503
MinimumVisualStudioVersion = 10.0.40219.1
Project("{8BC9CEB8-8B4A-11D0-8D11-00A0C91BC942}") = "task1", "task1\task1.vcxproj", "{73905FFD-3EFB-4AC6-BF05-98D3626CECE0}"
EndProject
Project("{8BC9CEB8-8B4A-11D0-8D11-00A0C91BC942}") = "MyLib", "MyLib\MyLib.vcxproj", "{9D0919B1-C5AB-4B8E-926E-BC5F43A6CDA4}"
EndProject
Project("{8BC9CEB8-8B4A-11D0-8D11-00A0C91BC942}") = "task3.1", "task3.1\task3.1.vcxproj", "{C04CF8EE-3A94-4792-A35A-50E33C065BEC}"
EndProject
Project("{8BC9CEB8-8B4A-11D0-8D11-00A0C91BC942}") = "dop1", "dop1\dop1.vcxproj", "{C944B198-33CF-4E63-A682-4ED278101488}"
EndProject
Project("{8BC9CEB8-8B4A-11D0-8D11-00A0C91BC942}") = "dop2", "dop2\dop2.vcxproj", "{7F07588C-294C-4E3C-9D92-931F4776D8F6}"
EndProject
Project("{8BC9CEB8-8B4A-11D0-8D11-00A0C91BC942}") = "dop3", "dop3\dop3.vcxproj", "{9AFAC4B1-6E9D-44C6-B227-099EBF62B61E}"
EndProject
Project("{8BC9CEB8-8B4A-11D0-8D11-00A0C91BC942}") = "task2", "task2\task2.vcxproj", "{08EE7F85-B5E2-45B6-AE84-246BC63BDDAC}"
EndProject
Project("{8BC9CEB8-8B4A-11D0-8D11-00A0C91BC942}") = "task3.2", "task3.2\task3.2.vcxproj", "{16B6705A-F194-442F-9EB2-55286D7D2EBD}"
EndProject
Project("{8BC9CEB8-8B4A-11D0-8D11-00A0C91BC942}") = "task3.3", "task3.3\task3.3.vcxproj", "{A1DAE212-4484-4019-AC1E-1F6965BF8F81}"
EndProject
Project("{8BC9CEB8-8B4A-11D0-8D11-00A0C91BC942}") = "DLL", "DLL\DLL.vcxproj", "{EB1543AE-8AB6-4686-B7DF-C3DFBD84FF04}"
EndProject
Project("{8BC9CEB8-8B4A-11D0-8D11-00A0C91BC942}") = "gtest", "gtest\gtest.vcxproj", "{84D83770-CCB2-40CD-AAEB-C10490709277}"
EndProject
Global
	GlobalSection(SolutionConfigurationPlatforms) = preSolution
		Debug|x64 = Debug|x64
		Debug|x86 = Debug|x86
		Release|x64 = Release|x64
		Release|x86 = Release|x86
	EndGlobalSection
	GlobalSection(ProjectConfigurationPlatforms) = postSolution
		{73905FFD-3EFB-4AC6-BF05-98D3626CECE0}.Debug|x64.ActiveCfg = Debug|x64
		{73905FFD-3EFB-4AC6-BF05-98D3626CECE0}.Debug|x64.Build.0 = Debug|x64
		{73905FFD-3EFB-4AC6-BF05-98D3626CECE0}.Debug|x86.ActiveCfg = Debug|Win32
		{73905FFD-3EFB-4AC6-BF05-98D3626CECE0}.Debug|x86.Build.0 = Debug|Win32
		{73905FFD-3EFB-4AC6-BF05-98D3626CECE0}.Release|x64.ActiveCfg = Release|x64
		{73905FFD-3EFB-4AC6-BF05-98D3626CECE0}.Release|x64.Build.0 = Release|x64
		{73905FFD-3EFB-4AC6-BF05-98D3626CECE0}.Release|x86.ActiveCfg = Release|Win32
		{73905FFD-3EFB-4AC6-BF05-98D3626CECE0}.Release|x86.Build.0 = Release|Win32
		{9D0919B1-C5AB-4B8E-926E-BC5F43A6CDA4}.Debug|x64.ActiveCfg = Debug|x64
		{9D0919B1-C5AB-4B8E-926E-BC5F43A6CDA4}.Debug|x64.Build.0 = Debug|x64
		{9D0919B1-C5AB-4B8E-926E-BC5F43A6CDA4}.Debug|x86.ActiveCfg = Debug|Win32
		{9D0919B1-C5AB-4B8E-926E-BC5F43A6CDA4}.Debug|x86.Build.0 = Debug|Win32
		{9D0919B1-C5AB-4B8E-926E-BC5F43A6CDA4}.Release|x64.ActiveCfg = Release|x64
		{9D0919B1-C5AB-4B8E-926E-BC5F43A6CDA4}.Release|x64.Build.0 = Release|x64
		{9D0919B1-C5AB-4B8E-926E-BC5F43A6CDA4}.Release|x86.ActiveCfg = Release|Win32
		{9D0919B1-C5AB-4B8E-926E-BC5F43A6CDA4}.Release|x86.Build.0 = Release|Win32
		{C04CF8EE-3A94-4792-A35A-50E33C065BEC}.Debug|x64.ActiveCfg = Debug|x64
		{C04CF8EE-3A94-4792-A35A-50E33C065BEC}.Debug|x64.Build.0 = Debug|x64
		{C04CF8EE-3A94-4792-A35A-50E33C065BEC}.Debug|x86.ActiveCfg = Debug|Win32
		{C04CF8EE-3A94-4792-A35A-50E33C065BEC}.Debug|x86.Build.0 = Debug|Win32
		{C04CF8EE-3A94-4792-A35A-50E33C065BEC}.Release|x64.ActiveCfg = Release|x64
		{C04CF8EE-3A94-4792-A35A-50E33C065BEC}.Release|x64.Build.0 = Release|x64
		{C04CF8EE-3A94-4792-A35A-50E33C065BEC}.Release|x86.ActiveCfg = Release|Win32
		{C04CF8EE-3A94-4792-A35A-50E33C065BEC}.Release|x86.Build.0 = Release|Win32
		{C944B198-33CF-4E63-A682-4ED278101488}.Debug|x64.ActiveCfg = Debug|x64
		{C944B198-33CF-4E63-A682-4ED278101488}.Debug|x64.Build.0 = Debug|x64
		{C944B198-33CF-4E63-A682-4ED278101488}.Debug|x86.ActiveCfg = Debug|Win32
		{C944B198-33CF-4E63-A682-4ED278101488}.Debug|x86.Build.0 = Debug|Win32
		{C944B198-33CF-4E63-A682-4ED278101488}.Release|x64.ActiveCfg = Release|x64
		{C944B198-33CF-4E63-A682-4ED278101488}.Release|x64.Build.0 = Release|x64
		{C944B198-33CF-4E63-A682-4ED278101488}.Release|x86.ActiveCfg = Release|Win32
		{C944B198-33CF-4E63-A682-4ED278101488}.Release|x86.Build.0 = Release|Win32
		{7F07588C-294C-4E3C-9D92-931F4776D8F6}.Debug|x64.ActiveCfg = Debug|x64
		{7F07588C-294C-4E3C-9D92-931F4776D8F6}.Debug|x64.Build.0 = Debug|x64
		{7F07588C-294C-4E3C-9D92-931F4776D8F6}.Debug|x86.ActiveCfg = Debug|Win32
		{7F07588C-294C-4E3C-9D92-931F4776D8F6}.Debug|x86.Build.0 = Debug|Win32
		{7F07588C-294C-4E3C-9D92-931F4776D8F6}.Release|x64.ActiveCfg = Release|x64
		{7F07588C-294C-4E3C-9D92-931F4776D8F6}.Release|x64.Build.0 = Release|x64
		{7F07588C-294C-4E3C-9D92-931F4776D8F6}.Release|x86.ActiveCfg = Release|Win32
		{7F07588C-294C-4E3C-9D92-931F4776D8F6}.Release|x86.Build.0 = Release|Win32
		{9AFAC4B1-6E9D-44C6-B227-099EBF62B61E}.Debug|x64.ActiveCfg = Debug|x64
		{9AFAC4B1-6E9D-44C6-B227-099EBF62B61E}.Debug|x64.Build.0 = Debug|x64
		{9AFAC4B1-6E9D-44C6-B227-099EBF62B61E}.Debug|x86.ActiveCfg = Debug|Win32
		{9AFAC4B1-6E9D-44C6-B227-099EBF62B61E}.Debug|x86.Build.0 = Debug|Win32
		{9AFAC4B1-6E9D-44C6-B227-099EBF62B61E}.Release|x64.ActiveCfg = Release|x64
		{9AFAC4B1-6E9D-44C6-B227-099EBF62B61E}.Release|x64.Build.0 = Release|x64
		{9AFAC4B1-6E9D-44C6-B227-099EBF62B61E}.Release|x86.ActiveCfg = Release|Win32
		{9AFAC4B1-6E9D-44C6-B227-099EBF62B61E}.Release|x86.Build.0 = Release|Win32
		{08EE7F85-B5E2-45B6-AE84-246BC63BDDAC}.Debug|x64.ActiveCfg = Debug|x64
		{08EE7F85-B5E2-45B6-AE84-246BC63BDDAC}.Debug|x64.Build.0 = Debug|x64
		{08EE7F85-B5E2-45B6-AE84-246BC63BDDAC}.Debug|x86.ActiveCfg = Debug|Win32
		{08EE7F85-B5E2-45B6-AE84-246BC63BDDAC}.Debug|x86.Build.0 = Debug|Win32
		{08EE7F85-B5E2-45B6-AE84-246BC63BDDAC}.Release|x64.ActiveCfg = Release|x64
		{08EE7F85-B5E2-45B6-AE84-246BC63BDDAC}.Release|x64.Build.0 = Release|x64
		{08EE7F85-B5E2-45B6-AE84-246BC63BDDAC}.Release|x86.ActiveCfg = Release|Win32
		{08EE7F85-B5E2-45B6-AE84-246BC63BDDAC}.Release|x86.Build.0 = Release|Win32
		{16B6705A-F194-442F-9EB2-55286D7D2EBD}.Debug|x64.ActiveCfg = Debug|x64
		{16B6705A-F194-442F-9EB2-55286D7D2EBD}.Debug|x64.Build.0 = Debug|x64
		{16B6705A-F194-442F-9EB2-55286D7D2EBD}.Debug|x86.ActiveCfg = Debug|Win32
		{16B6705A-F194-442F-9EB2-55286D7D2EBD}.Debug|x86.Build.0 = Debug|Win32
		{16B6705A-F194-442F-9EB2-55286D7D2EBD}.Release|x64.ActiveCfg = Release|x64
		{16B6705A-F194-442F-9EB2-55286D7D2EBD}.Release|x64.Build.0 = Release|x64
		{16B6705A-F194-442F-9EB2-55286D7D2EBD}.Release|x86.ActiveCfg = Release|Win32
		{16B6705A-F194-442F-9EB2-55286D7D2EBD}.Release|x86.Build.0 = Release|Win32
		{A1DAE212-4484-4019-AC1E-1F6965BF8F81}.Debug|x64.ActiveCfg = Debug|x64
		{A1DAE212-4484-4019-AC1E-1F6965BF8F81}.Debug|x64.Build.0 = Debug|x64
		{A1DAE212-4484-4019-AC1E-1F6965BF8F81}.Debug|x86.ActiveCfg = Debug|Win32
		{A1DAE212-4484-4019-AC1E-1F6965BF8F81}.Debug|x86.Build.0 = Debug|Win32
		{A1DAE212-4484-4019-AC1E-1F6965BF8F81}.Release|x64.ActiveCfg = Release|x64
		{A1DAE212-4484-4019-AC1E-1F6965BF8F81}.Release|x64.Build.0 = Release|x64
		{A1DAE212-4484-4019-AC1E-1F6965BF8F81}.Release|x86.ActiveCfg = Release|Win32
		{A1DAE212-4484-4019-AC1E-1F6965BF8F81}.Release|x86.Build.0 = Release|Win32
		{EB1543AE-8AB6-4686-B7DF-C3DFBD84FF04}.Debug|x64.ActiveCfg = Debug|x64
		{EB1543AE-8AB6-4686-B7DF-C3DFBD84FF04}.Debug|x64.Build.0 = Debug|x64
		{EB1543AE-8AB6-4686-B7DF-C3DFBD84FF04}.Debug|x86.ActiveCfg = Debug|Win32
		{EB1543AE-8AB6-4686-B7DF-C3DFBD84FF04}.Debug|x86.Build.0 = Debug|Win32
		{EB1543AE-8AB6-4686-B7DF-C3DFBD84FF04}.Release|x64.ActiveCfg = Release|x64
		{EB1543AE-8AB6-4686-B7DF-C3DFBD84FF04}.Release|x64.Build.0 = Release|x64
		{EB1543AE-8AB6-4686-B7DF-C3DFBD84FF04}.Release|x86.ActiveCfg = Release|Win32
		{EB1543AE-8AB6-4686-B7DF-C3DFBD84FF04}.Release|x86.Build.0 = Release|Win32
		{84D83770-CCB2-40CD-AAEB-C10490709277}.Debug|x64.ActiveCfg = Debug|x64
		{84D83770-CCB2-40CD-AAEB-C10490709277}.Debug|x64.Build.0 = Debug|x64
		{84D83770-CCB2-40CD-AAEB-C10490709277}.Debug|x86.ActiveCfg = Debug|Win32
		{84D83770-CCB2-40CD-AAEB-C10490709277}.Debug|x86.Build.0 = Debug|Win32
		{84D83770-CCB2-40CD-AAEB-C10490709277}.Release|x64.ActiveCfg = Release|x64
		{84D83770-CCB2-40CD-AAEB-C10490709277}.Release|x64.Build.0 = Release|x64
		{84D83770-CCB2-40CD-AAEB-C10490709277}.Release|x86.ActiveCfg = Release|Win32
		{84D83770-CCB2-40CD-AAEB-C10490709277}.Release|x86.Build.0 = Release|Win32
	EndGlobalSection
	GlobalSection(SolutionProperties) = preSolution
		HideSolutionNode = FALSE
	EndGlobalSection
	GlobalSection(ExtensibilityGlobals) = postSolution
		SolutionGuid = {704738BA-52E6-48BD-BF71-75B519A50ED3}
	EndGlobalSection
EndGlobal
