
Microsoft Visual Studio Solution File, Format Version 12.00
# Visual Studio Version 16
VisualStudioVersion = 16.0.31729.503
MinimumVisualStudioVersion = 10.0.40219.1
Project("{8BC9CEB8-8B4A-11D0-8D11-00A0C91BC942}") = "task1", "task1\task1.vcxproj", "{6245829F-782A-48D1-81F4-8641BB4BBF3D}"
EndProject
Project("{8BC9CEB8-8B4A-11D0-8D11-00A0C91BC942}") = "task2", "task2\task2.vcxproj", "{AB1C6A3C-9936-4FB7-9B77-DB37CB87AAAE}"
EndProject
Project("{8BC9CEB8-8B4A-11D0-8D11-00A0C91BC942}") = "task3", "task3\task3.vcxproj", "{05F71F54-0B32-4DB7-AC83-2AD0A918EA52}"
EndProject
Project("{8BC9CEB8-8B4A-11D0-8D11-00A0C91BC942}") = "task4", "task4\task4.vcxproj", "{C525DEBD-0947-4EDF-94C3-0C581FACB6F5}"
EndProject
Project("{8BC9CEB8-8B4A-11D0-8D11-00A0C91BC942}") = "task5", "task5\task5.vcxproj", "{720535EB-F222-47B0-8482-90748CCF84EF}"
EndProject
Project("{8BC9CEB8-8B4A-11D0-8D11-00A0C91BC942}") = "task6", "task6\task6.vcxproj", "{C6F8FAE5-2D11-4D4B-AA90-D484F415D448}"
EndProject
Project("{8BC9CEB8-8B4A-11D0-8D11-00A0C91BC942}") = "task7", "task7\task7.vcxproj", "{87E0A045-651D-438D-9167-D55C31D02956}"
EndProject
Project("{8BC9CEB8-8B4A-11D0-8D11-00A0C91BC942}") = "task8", "task8\task8.vcxproj", "{C405B3EF-AFC7-43BD-9DAA-CC2B68C97E78}"
EndProject
Project("{8BC9CEB8-8B4A-11D0-8D11-00A0C91BC942}") = "task9", "task9\task9.vcxproj", "{B6307009-5D2C-49D5-BA1D-82C5DC8C6D5B}"
EndProject
Project("{8BC9CEB8-8B4A-11D0-8D11-00A0C91BC942}") = "task10", "task10\task10.vcxproj", "{A680D630-A1B0-4277-8507-D0D5CC6D8CA1}"
EndProject
Project("{8BC9CEB8-8B4A-11D0-8D11-00A0C91BC942}") = "G-test", "G-test\G-test.vcxproj", "{03FF7A75-21C2-4E52-8819-6C333DA4B6E3}"
EndProject
Global
	GlobalSection(SolutionConfigurationPlatforms) = preSolution
		Debug|x64 = Debug|x64
		Debug|x86 = Debug|x86
		Release|x64 = Release|x64
		Release|x86 = Release|x86
	EndGlobalSection
	GlobalSection(ProjectConfigurationPlatforms) = postSolution
		{6245829F-782A-48D1-81F4-8641BB4BBF3D}.Debug|x64.ActiveCfg = Debug|x64
		{6245829F-782A-48D1-81F4-8641BB4BBF3D}.Debug|x64.Build.0 = Debug|x64
		{6245829F-782A-48D1-81F4-8641BB4BBF3D}.Debug|x86.ActiveCfg = Debug|Win32
		{6245829F-782A-48D1-81F4-8641BB4BBF3D}.Debug|x86.Build.0 = Debug|Win32
		{6245829F-782A-48D1-81F4-8641BB4BBF3D}.Release|x64.ActiveCfg = Release|x64
		{6245829F-782A-48D1-81F4-8641BB4BBF3D}.Release|x64.Build.0 = Release|x64
		{6245829F-782A-48D1-81F4-8641BB4BBF3D}.Release|x86.ActiveCfg = Release|Win32
		{6245829F-782A-48D1-81F4-8641BB4BBF3D}.Release|x86.Build.0 = Release|Win32
		{AB1C6A3C-9936-4FB7-9B77-DB37CB87AAAE}.Debug|x64.ActiveCfg = Debug|x64
		{AB1C6A3C-9936-4FB7-9B77-DB37CB87AAAE}.Debug|x64.Build.0 = Debug|x64
		{AB1C6A3C-9936-4FB7-9B77-DB37CB87AAAE}.Debug|x86.ActiveCfg = Debug|Win32
		{AB1C6A3C-9936-4FB7-9B77-DB37CB87AAAE}.Debug|x86.Build.0 = Debug|Win32
		{AB1C6A3C-9936-4FB7-9B77-DB37CB87AAAE}.Release|x64.ActiveCfg = Release|x64
		{AB1C6A3C-9936-4FB7-9B77-DB37CB87AAAE}.Release|x64.Build.0 = Release|x64
		{AB1C6A3C-9936-4FB7-9B77-DB37CB87AAAE}.Release|x86.ActiveCfg = Release|Win32
		{AB1C6A3C-9936-4FB7-9B77-DB37CB87AAAE}.Release|x86.Build.0 = Release|Win32
		{05F71F54-0B32-4DB7-AC83-2AD0A918EA52}.Debug|x64.ActiveCfg = Debug|x64
		{05F71F54-0B32-4DB7-AC83-2AD0A918EA52}.Debug|x64.Build.0 = Debug|x64
		{05F71F54-0B32-4DB7-AC83-2AD0A918EA52}.Debug|x86.ActiveCfg = Debug|Win32
		{05F71F54-0B32-4DB7-AC83-2AD0A918EA52}.Debug|x86.Build.0 = Debug|Win32
		{05F71F54-0B32-4DB7-AC83-2AD0A918EA52}.Release|x64.ActiveCfg = Release|x64
		{05F71F54-0B32-4DB7-AC83-2AD0A918EA52}.Release|x64.Build.0 = Release|x64
		{05F71F54-0B32-4DB7-AC83-2AD0A918EA52}.Release|x86.ActiveCfg = Release|Win32
		{05F71F54-0B32-4DB7-AC83-2AD0A918EA52}.Release|x86.Build.0 = Release|Win32
		{C525DEBD-0947-4EDF-94C3-0C581FACB6F5}.Debug|x64.ActiveCfg = Debug|x64
		{C525DEBD-0947-4EDF-94C3-0C581FACB6F5}.Debug|x64.Build.0 = Debug|x64
		{C525DEBD-0947-4EDF-94C3-0C581FACB6F5}.Debug|x86.ActiveCfg = Debug|Win32
		{C525DEBD-0947-4EDF-94C3-0C581FACB6F5}.Debug|x86.Build.0 = Debug|Win32
		{C525DEBD-0947-4EDF-94C3-0C581FACB6F5}.Release|x64.ActiveCfg = Release|x64
		{C525DEBD-0947-4EDF-94C3-0C581FACB6F5}.Release|x64.Build.0 = Release|x64
		{C525DEBD-0947-4EDF-94C3-0C581FACB6F5}.Release|x86.ActiveCfg = Release|Win32
		{C525DEBD-0947-4EDF-94C3-0C581FACB6F5}.Release|x86.Build.0 = Release|Win32
		{720535EB-F222-47B0-8482-90748CCF84EF}.Debug|x64.ActiveCfg = Debug|x64
		{720535EB-F222-47B0-8482-90748CCF84EF}.Debug|x64.Build.0 = Debug|x64
		{720535EB-F222-47B0-8482-90748CCF84EF}.Debug|x86.ActiveCfg = Debug|Win32
		{720535EB-F222-47B0-8482-90748CCF84EF}.Debug|x86.Build.0 = Debug|Win32
		{720535EB-F222-47B0-8482-90748CCF84EF}.Release|x64.ActiveCfg = Release|x64
		{720535EB-F222-47B0-8482-90748CCF84EF}.Release|x64.Build.0 = Release|x64
		{720535EB-F222-47B0-8482-90748CCF84EF}.Release|x86.ActiveCfg = Release|Win32
		{720535EB-F222-47B0-8482-90748CCF84EF}.Release|x86.Build.0 = Release|Win32
		{C6F8FAE5-2D11-4D4B-AA90-D484F415D448}.Debug|x64.ActiveCfg = Debug|x64
		{C6F8FAE5-2D11-4D4B-AA90-D484F415D448}.Debug|x64.Build.0 = Debug|x64
		{C6F8FAE5-2D11-4D4B-AA90-D484F415D448}.Debug|x86.ActiveCfg = Debug|Win32
		{C6F8FAE5-2D11-4D4B-AA90-D484F415D448}.Debug|x86.Build.0 = Debug|Win32
		{C6F8FAE5-2D11-4D4B-AA90-D484F415D448}.Release|x64.ActiveCfg = Release|x64
		{C6F8FAE5-2D11-4D4B-AA90-D484F415D448}.Release|x64.Build.0 = Release|x64
		{C6F8FAE5-2D11-4D4B-AA90-D484F415D448}.Release|x86.ActiveCfg = Release|Win32
		{C6F8FAE5-2D11-4D4B-AA90-D484F415D448}.Release|x86.Build.0 = Release|Win32
		{87E0A045-651D-438D-9167-D55C31D02956}.Debug|x64.ActiveCfg = Debug|x64
		{87E0A045-651D-438D-9167-D55C31D02956}.Debug|x64.Build.0 = Debug|x64
		{87E0A045-651D-438D-9167-D55C31D02956}.Debug|x86.ActiveCfg = Debug|Win32
		{87E0A045-651D-438D-9167-D55C31D02956}.Debug|x86.Build.0 = Debug|Win32
		{87E0A045-651D-438D-9167-D55C31D02956}.Release|x64.ActiveCfg = Release|x64
		{87E0A045-651D-438D-9167-D55C31D02956}.Release|x64.Build.0 = Release|x64
		{87E0A045-651D-438D-9167-D55C31D02956}.Release|x86.ActiveCfg = Release|Win32
		{87E0A045-651D-438D-9167-D55C31D02956}.Release|x86.Build.0 = Release|Win32
		{C405B3EF-AFC7-43BD-9DAA-CC2B68C97E78}.Debug|x64.ActiveCfg = Debug|x64
		{C405B3EF-AFC7-43BD-9DAA-CC2B68C97E78}.Debug|x64.Build.0 = Debug|x64
		{C405B3EF-AFC7-43BD-9DAA-CC2B68C97E78}.Debug|x86.ActiveCfg = Debug|Win32
		{C405B3EF-AFC7-43BD-9DAA-CC2B68C97E78}.Debug|x86.Build.0 = Debug|Win32
		{C405B3EF-AFC7-43BD-9DAA-CC2B68C97E78}.Release|x64.ActiveCfg = Release|x64
		{C405B3EF-AFC7-43BD-9DAA-CC2B68C97E78}.Release|x64.Build.0 = Release|x64
		{C405B3EF-AFC7-43BD-9DAA-CC2B68C97E78}.Release|x86.ActiveCfg = Release|Win32
		{C405B3EF-AFC7-43BD-9DAA-CC2B68C97E78}.Release|x86.Build.0 = Release|Win32
		{B6307009-5D2C-49D5-BA1D-82C5DC8C6D5B}.Debug|x64.ActiveCfg = Debug|x64
		{B6307009-5D2C-49D5-BA1D-82C5DC8C6D5B}.Debug|x64.Build.0 = Debug|x64
		{B6307009-5D2C-49D5-BA1D-82C5DC8C6D5B}.Debug|x86.ActiveCfg = Debug|Win32
		{B6307009-5D2C-49D5-BA1D-82C5DC8C6D5B}.Debug|x86.Build.0 = Debug|Win32
		{B6307009-5D2C-49D5-BA1D-82C5DC8C6D5B}.Release|x64.ActiveCfg = Release|x64
		{B6307009-5D2C-49D5-BA1D-82C5DC8C6D5B}.Release|x64.Build.0 = Release|x64
		{B6307009-5D2C-49D5-BA1D-82C5DC8C6D5B}.Release|x86.ActiveCfg = Release|Win32
		{B6307009-5D2C-49D5-BA1D-82C5DC8C6D5B}.Release|x86.Build.0 = Release|Win32
		{A680D630-A1B0-4277-8507-D0D5CC6D8CA1}.Debug|x64.ActiveCfg = Debug|x64
		{A680D630-A1B0-4277-8507-D0D5CC6D8CA1}.Debug|x64.Build.0 = Debug|x64
		{A680D630-A1B0-4277-8507-D0D5CC6D8CA1}.Debug|x86.ActiveCfg = Debug|Win32
		{A680D630-A1B0-4277-8507-D0D5CC6D8CA1}.Debug|x86.Build.0 = Debug|Win32
		{A680D630-A1B0-4277-8507-D0D5CC6D8CA1}.Release|x64.ActiveCfg = Release|x64
		{A680D630-A1B0-4277-8507-D0D5CC6D8CA1}.Release|x64.Build.0 = Release|x64
		{A680D630-A1B0-4277-8507-D0D5CC6D8CA1}.Release|x86.ActiveCfg = Release|Win32
		{A680D630-A1B0-4277-8507-D0D5CC6D8CA1}.Release|x86.Build.0 = Release|Win32
		{03FF7A75-21C2-4E52-8819-6C333DA4B6E3}.Debug|x64.ActiveCfg = Debug|x64
		{03FF7A75-21C2-4E52-8819-6C333DA4B6E3}.Debug|x64.Build.0 = Debug|x64
		{03FF7A75-21C2-4E52-8819-6C333DA4B6E3}.Debug|x86.ActiveCfg = Debug|Win32
		{03FF7A75-21C2-4E52-8819-6C333DA4B6E3}.Debug|x86.Build.0 = Debug|Win32
		{03FF7A75-21C2-4E52-8819-6C333DA4B6E3}.Release|x64.ActiveCfg = Release|x64
		{03FF7A75-21C2-4E52-8819-6C333DA4B6E3}.Release|x64.Build.0 = Release|x64
		{03FF7A75-21C2-4E52-8819-6C333DA4B6E3}.Release|x86.ActiveCfg = Release|Win32
		{03FF7A75-21C2-4E52-8819-6C333DA4B6E3}.Release|x86.Build.0 = Release|Win32
	EndGlobalSection
	GlobalSection(SolutionProperties) = preSolution
		HideSolutionNode = FALSE
	EndGlobalSection
	GlobalSection(ExtensibilityGlobals) = postSolution
		SolutionGuid = {151E0471-DE32-4258-970C-0A2891671DAE}
	EndGlobalSection
EndGlobal
