
Microsoft Visual Studio Solution File, Format Version 12.00
# Visual Studio Version 16
VisualStudioVersion = 16.0.31729.503
MinimumVisualStudioVersion = 10.0.40219.1
Project("{8BC9CEB8-8B4A-11D0-8D11-00A0C91BC942}") = "task1", "task1\task1.vcxproj", "{6051367C-5C80-44D1-BFF9-AAFDBB650103}"
EndProject
Project("{8BC9CEB8-8B4A-11D0-8D11-00A0C91BC942}") = "task2", "task2\task2.vcxproj", "{EC276FB3-13D8-46E9-BC7A-220507C65BC2}"
EndProject
Project("{8BC9CEB8-8B4A-11D0-8D11-00A0C91BC942}") = "task3", "task3\task3.vcxproj", "{B8339F15-DE9A-4815-B55E-EF2F12A8850E}"
EndProject
Project("{8BC9CEB8-8B4A-11D0-8D11-00A0C91BC942}") = "task9", "task9\task9.vcxproj", "{CBC4E8E7-38EA-49C8-B8CF-98A93B502BAD}"
EndProject
Project("{8BC9CEB8-8B4A-11D0-8D11-00A0C91BC942}") = "task4", "task4\task4.vcxproj", "{6317653D-C34D-47B0-A91B-FF71EFA3F66D}"
EndProject
Project("{8BC9CEB8-8B4A-11D0-8D11-00A0C91BC942}") = "task5", "task5\task5.vcxproj", "{24C0EC58-11D5-4C22-846E-E73A4D38876B}"
EndProject
Project("{8BC9CEB8-8B4A-11D0-8D11-00A0C91BC942}") = "task6", "task6\task6.vcxproj", "{9CD58CD7-DFBC-4736-AD84-205AF5E2CDB4}"
EndProject
Project("{8BC9CEB8-8B4A-11D0-8D11-00A0C91BC942}") = "task7", "task7\task7.vcxproj", "{C1DF552F-E99F-4EEB-B4CC-44ACED42E077}"
EndProject
Project("{8BC9CEB8-8B4A-11D0-8D11-00A0C91BC942}") = "task8", "task8\task8.vcxproj", "{3C946D2B-C47D-4118-9559-E8F08A479DCB}"
EndProject
Project("{8BC9CEB8-8B4A-11D0-8D11-00A0C91BC942}") = "Lab6-gtest", "Lab6-gtest\Lab6-gtest.vcxproj", "{142DEE08-569E-4D5D-8AA2-4F6A40FD6ADE}"
EndProject
Global
	GlobalSection(SolutionConfigurationPlatforms) = preSolution
		Debug|x64 = Debug|x64
		Debug|x86 = Debug|x86
		Release|x64 = Release|x64
		Release|x86 = Release|x86
	EndGlobalSection
	GlobalSection(ProjectConfigurationPlatforms) = postSolution
		{6051367C-5C80-44D1-BFF9-AAFDBB650103}.Debug|x64.ActiveCfg = Debug|x64
		{6051367C-5C80-44D1-BFF9-AAFDBB650103}.Debug|x64.Build.0 = Debug|x64
		{6051367C-5C80-44D1-BFF9-AAFDBB650103}.Debug|x86.ActiveCfg = Debug|Win32
		{6051367C-5C80-44D1-BFF9-AAFDBB650103}.Debug|x86.Build.0 = Debug|Win32
		{6051367C-5C80-44D1-BFF9-AAFDBB650103}.Release|x64.ActiveCfg = Release|x64
		{6051367C-5C80-44D1-BFF9-AAFDBB650103}.Release|x64.Build.0 = Release|x64
		{6051367C-5C80-44D1-BFF9-AAFDBB650103}.Release|x86.ActiveCfg = Release|Win32
		{6051367C-5C80-44D1-BFF9-AAFDBB650103}.Release|x86.Build.0 = Release|Win32
		{EC276FB3-13D8-46E9-BC7A-220507C65BC2}.Debug|x64.ActiveCfg = Debug|x64
		{EC276FB3-13D8-46E9-BC7A-220507C65BC2}.Debug|x64.Build.0 = Debug|x64
		{EC276FB3-13D8-46E9-BC7A-220507C65BC2}.Debug|x86.ActiveCfg = Debug|Win32
		{EC276FB3-13D8-46E9-BC7A-220507C65BC2}.Debug|x86.Build.0 = Debug|Win32
		{EC276FB3-13D8-46E9-BC7A-220507C65BC2}.Release|x64.ActiveCfg = Release|x64
		{EC276FB3-13D8-46E9-BC7A-220507C65BC2}.Release|x64.Build.0 = Release|x64
		{EC276FB3-13D8-46E9-BC7A-220507C65BC2}.Release|x86.ActiveCfg = Release|Win32
		{EC276FB3-13D8-46E9-BC7A-220507C65BC2}.Release|x86.Build.0 = Release|Win32
		{B8339F15-DE9A-4815-B55E-EF2F12A8850E}.Debug|x64.ActiveCfg = Debug|x64
		{B8339F15-DE9A-4815-B55E-EF2F12A8850E}.Debug|x64.Build.0 = Debug|x64
		{B8339F15-DE9A-4815-B55E-EF2F12A8850E}.Debug|x86.ActiveCfg = Debug|Win32
		{B8339F15-DE9A-4815-B55E-EF2F12A8850E}.Debug|x86.Build.0 = Debug|Win32
		{B8339F15-DE9A-4815-B55E-EF2F12A8850E}.Release|x64.ActiveCfg = Release|x64
		{B8339F15-DE9A-4815-B55E-EF2F12A8850E}.Release|x64.Build.0 = Release|x64
		{B8339F15-DE9A-4815-B55E-EF2F12A8850E}.Release|x86.ActiveCfg = Release|Win32
		{B8339F15-DE9A-4815-B55E-EF2F12A8850E}.Release|x86.Build.0 = Release|Win32
		{CBC4E8E7-38EA-49C8-B8CF-98A93B502BAD}.Debug|x64.ActiveCfg = Debug|x64
		{CBC4E8E7-38EA-49C8-B8CF-98A93B502BAD}.Debug|x64.Build.0 = Debug|x64
		{CBC4E8E7-38EA-49C8-B8CF-98A93B502BAD}.Debug|x86.ActiveCfg = Debug|Win32
		{CBC4E8E7-38EA-49C8-B8CF-98A93B502BAD}.Debug|x86.Build.0 = Debug|Win32
		{CBC4E8E7-38EA-49C8-B8CF-98A93B502BAD}.Release|x64.ActiveCfg = Release|x64
		{CBC4E8E7-38EA-49C8-B8CF-98A93B502BAD}.Release|x64.Build.0 = Release|x64
		{CBC4E8E7-38EA-49C8-B8CF-98A93B502BAD}.Release|x86.ActiveCfg = Release|Win32
		{CBC4E8E7-38EA-49C8-B8CF-98A93B502BAD}.Release|x86.Build.0 = Release|Win32
		{6317653D-C34D-47B0-A91B-FF71EFA3F66D}.Debug|x64.ActiveCfg = Debug|x64
		{6317653D-C34D-47B0-A91B-FF71EFA3F66D}.Debug|x64.Build.0 = Debug|x64
		{6317653D-C34D-47B0-A91B-FF71EFA3F66D}.Debug|x86.ActiveCfg = Debug|Win32
		{6317653D-C34D-47B0-A91B-FF71EFA3F66D}.Debug|x86.Build.0 = Debug|Win32
		{6317653D-C34D-47B0-A91B-FF71EFA3F66D}.Release|x64.ActiveCfg = Release|x64
		{6317653D-C34D-47B0-A91B-FF71EFA3F66D}.Release|x64.Build.0 = Release|x64
		{6317653D-C34D-47B0-A91B-FF71EFA3F66D}.Release|x86.ActiveCfg = Release|Win32
		{6317653D-C34D-47B0-A91B-FF71EFA3F66D}.Release|x86.Build.0 = Release|Win32
		{24C0EC58-11D5-4C22-846E-E73A4D38876B}.Debug|x64.ActiveCfg = Debug|x64
		{24C0EC58-11D5-4C22-846E-E73A4D38876B}.Debug|x64.Build.0 = Debug|x64
		{24C0EC58-11D5-4C22-846E-E73A4D38876B}.Debug|x86.ActiveCfg = Debug|Win32
		{24C0EC58-11D5-4C22-846E-E73A4D38876B}.Debug|x86.Build.0 = Debug|Win32
		{24C0EC58-11D5-4C22-846E-E73A4D38876B}.Release|x64.ActiveCfg = Release|x64
		{24C0EC58-11D5-4C22-846E-E73A4D38876B}.Release|x64.Build.0 = Release|x64
		{24C0EC58-11D5-4C22-846E-E73A4D38876B}.Release|x86.ActiveCfg = Release|Win32
		{24C0EC58-11D5-4C22-846E-E73A4D38876B}.Release|x86.Build.0 = Release|Win32
		{9CD58CD7-DFBC-4736-AD84-205AF5E2CDB4}.Debug|x64.ActiveCfg = Debug|x64
		{9CD58CD7-DFBC-4736-AD84-205AF5E2CDB4}.Debug|x64.Build.0 = Debug|x64
		{9CD58CD7-DFBC-4736-AD84-205AF5E2CDB4}.Debug|x86.ActiveCfg = Debug|Win32
		{9CD58CD7-DFBC-4736-AD84-205AF5E2CDB4}.Debug|x86.Build.0 = Debug|Win32
		{9CD58CD7-DFBC-4736-AD84-205AF5E2CDB4}.Release|x64.ActiveCfg = Release|x64
		{9CD58CD7-DFBC-4736-AD84-205AF5E2CDB4}.Release|x64.Build.0 = Release|x64
		{9CD58CD7-DFBC-4736-AD84-205AF5E2CDB4}.Release|x86.ActiveCfg = Release|Win32
		{9CD58CD7-DFBC-4736-AD84-205AF5E2CDB4}.Release|x86.Build.0 = Release|Win32
		{C1DF552F-E99F-4EEB-B4CC-44ACED42E077}.Debug|x64.ActiveCfg = Debug|x64
		{C1DF552F-E99F-4EEB-B4CC-44ACED42E077}.Debug|x64.Build.0 = Debug|x64
		{C1DF552F-E99F-4EEB-B4CC-44ACED42E077}.Debug|x86.ActiveCfg = Debug|Win32
		{C1DF552F-E99F-4EEB-B4CC-44ACED42E077}.Debug|x86.Build.0 = Debug|Win32
		{C1DF552F-E99F-4EEB-B4CC-44ACED42E077}.Release|x64.ActiveCfg = Release|x64
		{C1DF552F-E99F-4EEB-B4CC-44ACED42E077}.Release|x64.Build.0 = Release|x64
		{C1DF552F-E99F-4EEB-B4CC-44ACED42E077}.Release|x86.ActiveCfg = Release|Win32
		{C1DF552F-E99F-4EEB-B4CC-44ACED42E077}.Release|x86.Build.0 = Release|Win32
		{3C946D2B-C47D-4118-9559-E8F08A479DCB}.Debug|x64.ActiveCfg = Debug|x64
		{3C946D2B-C47D-4118-9559-E8F08A479DCB}.Debug|x64.Build.0 = Debug|x64
		{3C946D2B-C47D-4118-9559-E8F08A479DCB}.Debug|x86.ActiveCfg = Debug|Win32
		{3C946D2B-C47D-4118-9559-E8F08A479DCB}.Debug|x86.Build.0 = Debug|Win32
		{3C946D2B-C47D-4118-9559-E8F08A479DCB}.Release|x64.ActiveCfg = Release|x64
		{3C946D2B-C47D-4118-9559-E8F08A479DCB}.Release|x64.Build.0 = Release|x64
		{3C946D2B-C47D-4118-9559-E8F08A479DCB}.Release|x86.ActiveCfg = Release|Win32
		{3C946D2B-C47D-4118-9559-E8F08A479DCB}.Release|x86.Build.0 = Release|Win32
		{142DEE08-569E-4D5D-8AA2-4F6A40FD6ADE}.Debug|x64.ActiveCfg = Debug|x64
		{142DEE08-569E-4D5D-8AA2-4F6A40FD6ADE}.Debug|x64.Build.0 = Debug|x64
		{142DEE08-569E-4D5D-8AA2-4F6A40FD6ADE}.Debug|x86.ActiveCfg = Debug|Win32
		{142DEE08-569E-4D5D-8AA2-4F6A40FD6ADE}.Debug|x86.Build.0 = Debug|Win32
		{142DEE08-569E-4D5D-8AA2-4F6A40FD6ADE}.Release|x64.ActiveCfg = Release|x64
		{142DEE08-569E-4D5D-8AA2-4F6A40FD6ADE}.Release|x64.Build.0 = Release|x64
		{142DEE08-569E-4D5D-8AA2-4F6A40FD6ADE}.Release|x86.ActiveCfg = Release|Win32
		{142DEE08-569E-4D5D-8AA2-4F6A40FD6ADE}.Release|x86.Build.0 = Release|Win32
	EndGlobalSection
	GlobalSection(SolutionProperties) = preSolution
		HideSolutionNode = FALSE
	EndGlobalSection
	GlobalSection(ExtensibilityGlobals) = postSolution
		SolutionGuid = {D2E7EEBB-88EB-41AB-A534-245516D5F33B}
	EndGlobalSection
EndGlobal
